{
  "nodes": {
    "nixos-hardware": {
      "locked": {
        "lastModified": 1701020860,
        "narHash": "sha256-NwnRn04C8s+hH+KdVtGmVB1FFNIG7DtPJmQSCBDaET4=",
        "rev": "b006ec52fce23b1d57f6ab4a42d7400732e9a0a2",
        "revCount": 1472,
        "type": "tarball",
        "url": "https://api.flakehub.com/f/pinned/NixOS/nixos-hardware/0.1.1472%2Brev-b006ec52fce23b1d57f6ab4a42d7400732e9a0a2/018c0cbe-c652-7405-8ae0-1630e50a726c/source.tar.gz"
      },
      "original": {
        "type": "tarball",
        "url": "https://flakehub.com/f/NixOS/nixos-hardware/%2A.tar.gz"
      }
    },
    "nixpkgs": {
      "locked": {
        "lastModified": 1700924682,
        "narHash": "sha256-7vP/KtJdKSWnghtPVDoE7MD+rCY3gFj68NwOMNdrGbs=",
        "rev": "21af6ad5395bce8fab79a6bdc8dd2c33e4673650",
        "revCount": 551871,
        "type": "tarball",
        "url": "https://api.flakehub.com/f/pinned/NixOS/nixpkgs/0.2311.551871%2Brev-21af6ad5395bce8fab79a6bdc8dd2c33e4673650/018c0e25-77f3-7203-b778-839a0ebdf7bd/source.tar.gz"
      },
      "original": {
        "type": "tarball",
        "url": "https://flakehub.com/f/NixOS/nixpkgs/%2A.tar.gz"
      }
    },
    "root": {
      "inputs": {
        "nixos-hardware": "nixos-hardware",
        "nixpkgs": "nixpkgs"
      }
    }
  },
  "root": "root",
  "version": 7
}
