{
  "nodes": {
    "nixos-hardware": {
      "locked": {
        "lastModified": 1697748412,
        "narHash": "sha256-5VSB63UE/O191cuZiGHbCJ9ipc7cGKB8cHp0cfusuyo=",
        "owner": "NixOS",
        "repo": "nixos-hardware",
        "rev": "72d53d51704295f1645d20384cd13aecc182f624",
        "type": "github"
      },
      "original": {
        "owner": "NixOS",
        "repo": "nixos-hardware",
        "type": "github"
      }
    },
    "nixpkgs": {
      "locked": {
        "lastModified": 1697777081,
        "narHash": "sha256-n2vQARhKevRGyeo+LAa8g+CdUQsdH/caNk8jnylcPhY=",
        "rev": "679cadfdfed2b90311a247b2d6ef6dfd3d6cab73",
        "revCount": 491784,
        "type": "tarball",
        "url": "https://api.flakehub.com/f/pinned/NixOS/nixpkgs/0.2305.491784%2Brev-679cadfdfed2b90311a247b2d6ef6dfd3d6cab73/018b509b-18e3-7321-aa8e-88daec5e8818/source.tar.gz"
      },
      "original": {
        "type": "tarball",
        "url": "https://flakehub.com/f/NixOS/nixpkgs/%2A.tar.gz"
      }
    },
    "root": {
      "inputs": {
        "nixos-hardware": "nixos-hardware",
        "nixpkgs": "nixpkgs"
      }
    }
  },
  "root": "root",
  "version": 7
}
